// !$*UTF8*$!
{
	archiveVersion = 1;
	classes = {
	};
	objectVersion = 50;
	objects = {

/* Begin PBXBuildFile section */
		D114ED0523445146003A09CE /* AppDelegate.swift in Sources */ = {isa = PBXBuildFile; fileRef = D114ED0423445146003A09CE /* AppDelegate.swift */; };
		D114ED0723445146003A09CE /* SceneDelegate.swift in Sources */ = {isa = PBXBuildFile; fileRef = D114ED0623445146003A09CE /* SceneDelegate.swift */; };
		D114ED0923445146003A09CE /* ViewController.swift in Sources */ = {isa = PBXBuildFile; fileRef = D114ED0823445146003A09CE /* ViewController.swift */; };
		D114ED0C23445146003A09CE /* Main.storyboard in Resources */ = {isa = PBXBuildFile; fileRef = D114ED0A23445146003A09CE /* Main.storyboard */; };
		D114ED0E23445148003A09CE /* Assets.xcassets in Resources */ = {isa = PBXBuildFile; fileRef = D114ED0D23445148003A09CE /* Assets.xcassets */; };
		D114ED1123445148003A09CE /* LaunchScreen.storyboard in Resources */ = {isa = PBXBuildFile; fileRef = D114ED0F23445148003A09CE /* LaunchScreen.storyboard */; };
		D114ED1C23445148003A09CE /* SecondKadaiAppTests.swift in Sources */ = {isa = PBXBuildFile; fileRef = D114ED1B23445148003A09CE /* SecondKadaiAppTests.swift */; };
		D114ED2723445148003A09CE /* SecondKadaiAppUITests.swift in Sources */ = {isa = PBXBuildFile; fileRef = D114ED2623445148003A09CE /* SecondKadaiAppUITests.swift */; };
		D114ED352344531E003A09CE /* ResultViewController.swift in Sources */ = {isa = PBXBuildFile; fileRef = D114ED342344531E003A09CE /* ResultViewController.swift */; };
/* End PBXBuildFile section */

/* Begin PBXContainerItemProxy section */
		D114ED1823445148003A09CE /* PBXContainerItemProxy */ = {
			isa = PBXContainerItemProxy;
			containerPortal = D114ECF923445145003A09CE /* Project object */;
			proxyType = 1;
			remoteGlobalIDString = D114ED0023445145003A09CE;
			remoteInfo = SecondKadaiApp;
		};
		D114ED2323445148003A09CE /* PBXContainerItemProxy */ = {
			isa = PBXContainerItemProxy;
			containerPortal = D114ECF923445145003A09CE /* Project object */;
			proxyType = 1;
			remoteGlobalIDString = D114ED0023445145003A09CE;
			remoteInfo = SecondKadaiApp;
		};
/* End PBXContainerItemProxy section */

/* Begin PBXFileReference section */
		D114ED0123445146003A09CE /* SecondKadaiApp.app */ = {isa = PBXFileReference; explicitFileType = wrapper.application; includeInIndex = 0; path = SecondKadaiApp.app; sourceTree = BUILT_PRODUCTS_DIR; };
		D114ED0423445146003A09CE /* AppDelegate.swift */ = {isa = PBXFileReference; lastKnownFileType = sourcecode.swift; path = AppDelegate.swift; sourceTree = "<group>"; };
		D114ED0623445146003A09CE /* SceneDelegate.swift */ = {isa = PBXFileReference; lastKnownFileType = sourcecode.swift; path = SceneDelegate.swift; sourceTree = "<group>"; };
		D114ED0823445146003A09CE /* ViewController.swift */ = {isa = PBXFileReference; lastKnownFileType = sourcecode.swift; path = ViewController.swift; sourceTree = "<group>"; };
		D114ED0B23445146003A09CE /* Base */ = {isa = PBXFileReference; lastKnownFileType = file.storyboard; name = Base; path = Base.lproj/Main.storyboard; sourceTree = "<group>"; };
		D114ED0D23445148003A09CE /* Assets.xcassets */ = {isa = PBXFileReference; lastKnownFileType = folder.assetcatalog; path = Assets.xcassets; sourceTree = "<group>"; };
		D114ED1023445148003A09CE /* Base */ = {isa = PBXFileReference; lastKnownFileType = file.storyboard; name = Base; path = Base.lproj/LaunchScreen.storyboard; sourceTree = "<group>"; };
		D114ED1223445148003A09CE /* Info.plist */ = {isa = PBXFileReference; lastKnownFileType = text.plist.xml; path = Info.plist; sourceTree = "<group>"; };
		D114ED1723445148003A09CE /* SecondKadaiAppTests.xctest */ = {isa = PBXFileReference; explicitFileType = wrapper.cfbundle; includeInIndex = 0; path = SecondKadaiAppTests.xctest; sourceTree = BUILT_PRODUCTS_DIR; };
		D114ED1B23445148003A09CE /* SecondKadaiAppTests.swift */ = {isa = PBXFileReference; lastKnownFileType = sourcecode.swift; path = SecondKadaiAppTests.swift; sourceTree = "<group>"; };
		D114ED1D23445148003A09CE /* Info.plist */ = {isa = PBXFileReference; lastKnownFileType = text.plist.xml; path = Info.plist; sourceTree = "<group>"; };
		D114ED2223445148003A09CE /* SecondKadaiAppUITests.xctest */ = {isa = PBXFileReference; explicitFileType = wrapper.cfbundle; includeInIndex = 0; path = SecondKadaiAppUITests.xctest; sourceTree = BUILT_PRODUCTS_DIR; };
		D114ED2623445148003A09CE /* SecondKadaiAppUITests.swift */ = {isa = PBXFileReference; lastKnownFileType = sourcecode.swift; path = SecondKadaiAppUITests.swift; sourceTree = "<group>"; };
		D114ED2823445148003A09CE /* Info.plist */ = {isa = PBXFileReference; lastKnownFileType = text.plist.xml; path = Info.plist; sourceTree = "<group>"; };
		D114ED342344531E003A09CE /* ResultViewController.swift */ = {isa = PBXFileReference; lastKnownFileType = sourcecode.swift; path = ResultViewController.swift; sourceTree = "<group>"; };
/* End PBXFileReference section */

/* Begin PBXFrameworksBuildPhase section */
		D114ECFE23445145003A09CE /* Frameworks */ = {
			isa = PBXFrameworksBuildPhase;
			buildActionMask = 2147483647;
			files = (
			);
			runOnlyForDeploymentPostprocessing = 0;
		};
		D114ED1423445148003A09CE /* Frameworks */ = {
			isa = PBXFrameworksBuildPhase;
			buildActionMask = 2147483647;
			files = (
			);
			runOnlyForDeploymentPostprocessing = 0;
		};
		D114ED1F23445148003A09CE /* Frameworks */ = {
			isa = PBXFrameworksBuildPhase;
			buildActionMask = 2147483647;
			files = (
			);
			runOnlyForDeploymentPostprocessing = 0;
		};
/* End PBXFrameworksBuildPhase section */

/* Begin PBXGroup section */
		D114ECF823445145003A09CE = {
			isa = PBXGroup;
			children = (
				D114ED0323445146003A09CE /* SecondKadaiApp */,
				D114ED1A23445148003A09CE /* SecondKadaiAppTests */,
				D114ED2523445148003A09CE /* SecondKadaiAppUITests */,
				D114ED0223445146003A09CE /* Products */,
			);
			sourceTree = "<group>";
		};
		D114ED0223445146003A09CE /* Products */ = {
			isa = PBXGroup;
			children = (
				D114ED0123445146003A09CE /* SecondKadaiApp.app */,
				D114ED1723445148003A09CE /* SecondKadaiAppTests.xctest */,
				D114ED2223445148003A09CE /* SecondKadaiAppUITests.xctest */,
			);
			name = Products;
			sourceTree = "<group>";
		};
		D114ED0323445146003A09CE /* SecondKadaiApp */ = {
			isa = PBXGroup;
			children = (
				D114ED0423445146003A09CE /* AppDelegate.swift */,
				D114ED0623445146003A09CE /* SceneDelegate.swift */,
				D114ED0823445146003A09CE /* ViewController.swift */,
				D114ED342344531E003A09CE /* ResultViewController.swift */,
				D114ED0A23445146003A09CE /* Main.storyboard */,
				D114ED0D23445148003A09CE /* Assets.xcassets */,
				D114ED0F23445148003A09CE /* LaunchScreen.storyboard */,
				D114ED1223445148003A09CE /* Info.plist */,
			);
			path = SecondKadaiApp;
			sourceTree = "<group>";
		};
		D114ED1A23445148003A09CE /* SecondKadaiAppTests */ = {
			isa = PBXGroup;
			children = (
				D114ED1B23445148003A09CE /* SecondKadaiAppTests.swift */,
				D114ED1D23445148003A09CE /* Info.plist */,
			);
			path = SecondKadaiAppTests;
			sourceTree = "<group>";
		};
		D114ED2523445148003A09CE /* SecondKadaiAppUITests */ = {
			isa = PBXGroup;
			children = (
				D114ED2623445148003A09CE /* SecondKadaiAppUITests.swift */,
				D114ED2823445148003A09CE /* Info.plist */,
			);
			path = SecondKadaiAppUITests;
			sourceTree = "<group>";
		};
/* End PBXGroup section */

/* Begin PBXNativeTarget section */
		D114ED0023445145003A09CE /* SecondKadaiApp */ = {
			isa = PBXNativeTarget;
			buildConfigurationList = D114ED2B23445148003A09CE /* Build configuration list for PBXNativeTarget "SecondKadaiApp" */;
			buildPhases = (
				D114ECFD23445145003A09CE /* Sources */,
				D114ECFE23445145003A09CE /* Frameworks */,
				D114ECFF23445145003A09CE /* Resources */,
			);
			buildRules = (
			);
			dependencies = (
			);
			name = SecondKadaiApp;
			productName = SecondKadaiApp;
			productReference = D114ED0123445146003A09CE /* SecondKadaiApp.app */;
			productType = "com.apple.product-type.application";
		};
		D114ED1623445148003A09CE /* SecondKadaiAppTests */ = {
			isa = PBXNativeTarget;
			buildConfigurationList = D114ED2E23445148003A09CE /* Build configuration list for PBXNativeTarget "SecondKadaiAppTests" */;
			buildPhases = (
				D114ED1323445148003A09CE /* Sources */,
				D114ED1423445148003A09CE /* Frameworks */,
				D114ED1523445148003A09CE /* Resources */,
			);
			buildRules = (
			);
			dependencies = (
				D114ED1923445148003A09CE /* PBXTargetDependency */,
			);
			name = SecondKadaiAppTests;
			productName = SecondKadaiAppTests;
			productReference = D114ED1723445148003A09CE /* SecondKadaiAppTests.xctest */;
			productType = "com.apple.product-type.bundle.unit-test";
		};
		D114ED2123445148003A09CE /* SecondKadaiAppUITests */ = {
			isa = PBXNativeTarget;
			buildConfigurationList = D114ED3123445148003A09CE /* Build configuration list for PBXNativeTarget "SecondKadaiAppUITests" */;
			buildPhases = (
				D114ED1E23445148003A09CE /* Sources */,
				D114ED1F23445148003A09CE /* Frameworks */,
				D114ED2023445148003A09CE /* Resources */,
			);
			buildRules = (
			);
			dependencies = (
				D114ED2423445148003A09CE /* PBXTargetDependency */,
			);
			name = SecondKadaiAppUITests;
			productName = SecondKadaiAppUITests;
			productReference = D114ED2223445148003A09CE /* SecondKadaiAppUITests.xctest */;
			productType = "com.apple.product-type.bundle.ui-testing";
		};
/* End PBXNativeTarget section */

/* Begin PBXProject section */
		D114ECF923445145003A09CE /* Project object */ = {
			isa = PBXProject;
			attributes = {
				LastSwiftUpdateCheck = 1100;
				LastUpgradeCheck = 1100;
				ORGANIZATIONNAME = "内海雄斗";
				TargetAttributes = {
					D114ED0023445145003A09CE = {
						CreatedOnToolsVersion = 11.0;
					};
					D114ED1623445148003A09CE = {
						CreatedOnToolsVersion = 11.0;
						TestTargetID = D114ED0023445145003A09CE;
					};
					D114ED2123445148003A09CE = {
						CreatedOnToolsVersion = 11.0;
						TestTargetID = D114ED0023445145003A09CE;
					};
				};
			};
			buildConfigurationList = D114ECFC23445145003A09CE /* Build configuration list for PBXProject "SecondKadaiApp" */;
			compatibilityVersion = "Xcode 9.3";
			developmentRegion = en;
			hasScannedForEncodings = 0;
			knownRegions = (
				en,
				Base,
			);
			mainGroup = D114ECF823445145003A09CE;
			productRefGroup = D114ED0223445146003A09CE /* Products */;
			projectDirPath = "";
			projectRoot = "";
			targets = (
				D114ED0023445145003A09CE /* SecondKadaiApp */,
				D114ED1623445148003A09CE /* SecondKadaiAppTests */,
				D114ED2123445148003A09CE /* SecondKadaiAppUITests */,
			);
		};
/* End PBXProject section */

/* Begin PBXResourcesBuildPhase section */
		D114ECFF23445145003A09CE /* Resources */ = {
			isa = PBXResourcesBuildPhase;
			buildActionMask = 2147483647;
			files = (
				D114ED1123445148003A09CE /* LaunchScreen.storyboard in Resources */,
				D114ED0E23445148003A09CE /* Assets.xcassets in Resources */,
				D114ED0C23445146003A09CE /* Main.storyboard in Resources */,
			);
			runOnlyForDeploymentPostprocessing = 0;
		};
		D114ED1523445148003A09CE /* Resources */ = {
			isa = PBXResourcesBuildPhase;
			buildActionMask = 2147483647;
			files = (
			);
			runOnlyForDeploymentPostprocessing = 0;
		};
		D114ED2023445148003A09CE /* Resources */ = {
			isa = PBXResourcesBuildPhase;
			buildActionMask = 2147483647;
			files = (
			);
			runOnlyForDeploymentPostprocessing = 0;
		};
/* End PBXResourcesBuildPhase section */

/* Begin PBXSourcesBuildPhase section */
		D114ECFD23445145003A09CE /* Sources */ = {
			isa = PBXSourcesBuildPhase;
			buildActionMask = 2147483647;
			files = (
				D114ED0923445146003A09CE /* ViewController.swift in Sources */,
				D114ED0523445146003A09CE /* AppDelegate.swift in Sources */,
				D114ED0723445146003A09CE /* SceneDelegate.swift in Sources */,
				D114ED352344531E003A09CE /* ResultViewController.swift in Sources */,
			);
			runOnlyForDeploymentPostprocessing = 0;
		};
		D114ED1323445148003A09CE /* Sources */ = {
			isa = PBXSourcesBuildPhase;
			buildActionMask = 2147483647;
			files = (
				D114ED1C23445148003A09CE /* SecondKadaiAppTests.swift in Sources */,
			);
			runOnlyForDeploymentPostprocessing = 0;
		};
		D114ED1E23445148003A09CE /* Sources */ = {
			isa = PBXSourcesBuildPhase;
			buildActionMask = 2147483647;
			files = (
				D114ED2723445148003A09CE /* SecondKadaiAppUITests.swift in Sources */,
			);
			runOnlyForDeploymentPostprocessing = 0;
		};
/* End PBXSourcesBuildPhase section */

/* Begin PBXTargetDependency section */
		D114ED1923445148003A09CE /* PBXTargetDependency */ = {
			isa = PBXTargetDependency;
			target = D114ED0023445145003A09CE /* SecondKadaiApp */;
			targetProxy = D114ED1823445148003A09CE /* PBXContainerItemProxy */;
		};
		D114ED2423445148003A09CE /* PBXTargetDependency */ = {
			isa = PBXTargetDependency;
			target = D114ED0023445145003A09CE /* SecondKadaiApp */;
			targetProxy = D114ED2323445148003A09CE /* PBXContainerItemProxy */;
		};
/* End PBXTargetDependency section */

/* Begin PBXVariantGroup section */
		D114ED0A23445146003A09CE /* Main.storyboard */ = {
			isa = PBXVariantGroup;
			children = (
				D114ED0B23445146003A09CE /* Base */,
			);
			name = Main.storyboard;
			sourceTree = "<group>";
		};
		D114ED0F23445148003A09CE /* LaunchScreen.storyboard */ = {
			isa = PBXVariantGroup;
			children = (
				D114ED1023445148003A09CE /* Base */,
			);
			name = LaunchScreen.storyboard;
			sourceTree = "<group>";
		};
/* End PBXVariantGroup section */

/* Begin XCBuildConfiguration section */
		D114ED2923445148003A09CE /* Debug */ = {
			isa = XCBuildConfiguration;
			buildSettings = {
				ALWAYS_SEARCH_USER_PATHS = NO;
				CLANG_ANALYZER_NONNULL = YES;
				CLANG_ANALYZER_NUMBER_OBJECT_CONVERSION = YES_AGGRESSIVE;
				CLANG_CXX_LANGUAGE_STANDARD = "gnu++14";
				CLANG_CXX_LIBRARY = "libc++";
				CLANG_ENABLE_MODULES = YES;
				CLANG_ENABLE_OBJC_ARC = YES;
				CLANG_ENABLE_OBJC_WEAK = YES;
				CLANG_WARN_BLOCK_CAPTURE_AUTORELEASING = YES;
				CLANG_WARN_BOOL_CONVERSION = YES;
				CLANG_WARN_COMMA = YES;
				CLANG_WARN_CONSTANT_CONVERSION = YES;
				CLANG_WARN_DEPRECATED_OBJC_IMPLEMENTATIONS = YES;
				CLANG_WARN_DIRECT_OBJC_ISA_USAGE = YES_ERROR;
				CLANG_WARN_DOCUMENTATION_COMMENTS = YES;
				CLANG_WARN_EMPTY_BODY = YES;
				CLANG_WARN_ENUM_CONVERSION = YES;
				CLANG_WARN_INFINITE_RECURSION = YES;
				CLANG_WARN_INT_CONVERSION = YES;
				CLANG_WARN_NON_LITERAL_NULL_CONVERSION = YES;
				CLANG_WARN_OBJC_IMPLICIT_RETAIN_SELF = YES;
				CLANG_WARN_OBJC_LITERAL_CONVERSION = YES;
				CLANG_WARN_OBJC_ROOT_CLASS = YES_ERROR;
				CLANG_WARN_RANGE_LOOP_ANALYSIS = YES;
				CLANG_WARN_STRICT_PROTOTYPES = YES;
				CLANG_WARN_SUSPICIOUS_MOVE = YES;
				CLANG_WARN_UNGUARDED_AVAILABILITY = YES_AGGRESSIVE;
				CLANG_WARN_UNREACHABLE_CODE = YES;
				CLANG_WARN__DUPLICATE_METHOD_MATCH = YES;
				COPY_PHASE_STRIP = NO;
				DEBUG_INFORMATION_FORMAT = dwarf;
				ENABLE_STRICT_OBJC_MSGSEND = YES;
				ENABLE_TESTABILITY = YES;
				GCC_C_LANGUAGE_STANDARD = gnu11;
				GCC_DYNAMIC_NO_PIC = NO;
				GCC_NO_COMMON_BLOCKS = YES;
				GCC_OPTIMIZATION_LEVEL = 0;
				GCC_PREPROCESSOR_DEFINITIONS = (
					"DEBUG=1",
					"$(inherited)",
				);
				GCC_WARN_64_TO_32_BIT_CONVERSION = YES;
				GCC_WARN_ABOUT_RETURN_TYPE = YES_ERROR;
				GCC_WARN_UNDECLARED_SELECTOR = YES;
				GCC_WARN_UNINITIALIZED_AUTOS = YES_AGGRESSIVE;
				GCC_WARN_UNUSED_FUNCTION = YES;
				GCC_WARN_UNUSED_VARIABLE = YES;
				IPHONEOS_DEPLOYMENT_TARGET = 13.0;
				MTL_ENABLE_DEBUG_INFO = INCLUDE_SOURCE;
				MTL_FAST_MATH = YES;
				ONLY_ACTIVE_ARCH = YES;
				SDKROOT = iphoneos;
				SWIFT_ACTIVE_COMPILATION_CONDITIONS = DEBUG;
				SWIFT_OPTIMIZATION_LEVEL = "-Onone";
			};
			name = Debug;
		};
		D114ED2A23445148003A09CE /* Release */ = {
			isa = XCBuildConfiguration;
			buildSettings = {
				ALWAYS_SEARCH_USER_PATHS = NO;
				CLANG_ANALYZER_NONNULL = YES;
				CLANG_ANALYZER_NUMBER_OBJECT_CONVERSION = YES_AGGRESSIVE;
				CLANG_CXX_LANGUAGE_STANDARD = "gnu++14";
				CLANG_CXX_LIBRARY = "libc++";
				CLANG_ENABLE_MODULES = YES;
				CLANG_ENABLE_OBJC_ARC = YES;
				CLANG_ENABLE_OBJC_WEAK = YES;
				CLANG_WARN_BLOCK_CAPTURE_AUTORELEASING = YES;
				CLANG_WARN_BOOL_CONVERSION = YES;
				CLANG_WARN_COMMA = YES;
				CLANG_WARN_CONSTANT_CONVERSION = YES;
				CLANG_WARN_DEPRECATED_OBJC_IMPLEMENTATIONS = YES;
				CLANG_WARN_DIRECT_OBJC_ISA_USAGE = YES_ERROR;
				CLANG_WARN_DOCUMENTATION_COMMENTS = YES;
				CLANG_WARN_EMPTY_BODY = YES;
				CLANG_WARN_ENUM_CONVERSION = YES;
				CLANG_WARN_INFINITE_RECURSION = YES;
				CLANG_WARN_INT_CONVERSION = YES;
				CLANG_WARN_NON_LITERAL_NULL_CONVERSION = YES;
				CLANG_WARN_OBJC_IMPLICIT_RETAIN_SELF = YES;
				CLANG_WARN_OBJC_LITERAL_CONVERSION = YES;
				CLANG_WARN_OBJC_ROOT_CLASS = YES_ERROR;
				CLANG_WARN_RANGE_LOOP_ANALYSIS = YES;
				CLANG_WARN_STRICT_PROTOTYPES = YES;
				CLANG_WARN_SUSPICIOUS_MOVE = YES;
				CLANG_WARN_UNGUARDED_AVAILABILITY = YES_AGGRESSIVE;
				CLANG_WARN_UNREACHABLE_CODE = YES;
				CLANG_WARN__DUPLICATE_METHOD_MATCH = YES;
				COPY_PHASE_STRIP = NO;
				DEBUG_INFORMATION_FORMAT = "dwarf-with-dsym";
				ENABLE_NS_ASSERTIONS = NO;
				ENABLE_STRICT_OBJC_MSGSEND = YES;
				GCC_C_LANGUAGE_STANDARD = gnu11;
				GCC_NO_COMMON_BLOCKS = YES;
				GCC_WARN_64_TO_32_BIT_CONVERSION = YES;
				GCC_WARN_ABOUT_RETURN_TYPE = YES_ERROR;
				GCC_WARN_UNDECLARED_SELECTOR = YES;
				GCC_WARN_UNINITIALIZED_AUTOS = YES_AGGRESSIVE;
				GCC_WARN_UNUSED_FUNCTION = YES;
				GCC_WARN_UNUSED_VARIABLE = YES;
				IPHONEOS_DEPLOYMENT_TARGET = 13.0;
				MTL_ENABLE_DEBUG_INFO = NO;
				MTL_FAST_MATH = YES;
				SDKROOT = iphoneos;
				SWIFT_COMPILATION_MODE = wholemodule;
				SWIFT_OPTIMIZATION_LEVEL = "-O";
				VALIDATE_PRODUCT = YES;
			};
			name = Release;
		};
		D114ED2C23445148003A09CE /* Debug */ = {
			isa = XCBuildConfiguration;
			buildSettings = {
				ASSETCATALOG_COMPILER_APPICON_NAME = AppIcon;
				CODE_SIGN_STYLE = Automatic;
				DEVELOPMENT_TEAM = X92U86W3V8;
				INFOPLIST_FILE = SecondKadaiApp/Info.plist;
				LD_RUNPATH_SEARCH_PATHS = (
					"$(inherited)",
					"@executable_path/Frameworks",
				);
				PRODUCT_BUNDLE_IDENTIFIER = "Foundation-System-Exercises.SecondKadaiApp";
				PRODUCT_NAME = "$(TARGET_NAME)";
				SWIFT_VERSION = 5.0;
				TARGETED_DEVICE_FAMILY = "1,2";
			};
			name = Debug;
		};
		D114ED2D23445148003A09CE /* Release */ = {
			isa = XCBuildConfiguration;
			buildSettings = {
				ASSETCATALOG_COMPILER_APPICON_NAME = AppIcon;
				CODE_SIGN_STYLE = Automatic;
				DEVELOPMENT_TEAM = X92U86W3V8;
				INFOPLIST_FILE = SecondKadaiApp/Info.plist;
				LD_RUNPATH_SEARCH_PATHS = (
					"$(inherited)",
					"@executable_path/Frameworks",
				);
				PRODUCT_BUNDLE_IDENTIFIER = "Foundation-System-Exercises.SecondKadaiApp";
				PRODUCT_NAME = "$(TARGET_NAME)";
				SWIFT_VERSION = 5.0;
				TARGETED_DEVICE_FAMILY = "1,2";
			};
			name = Release;
		};
		D114ED2F23445148003A09CE /* Debug */ = {
			isa = XCBuildConfiguration;
			buildSettings = {
				ALWAYS_EMBED_SWIFT_STANDARD_LIBRARIES = YES;
				BUNDLE_LOADER = "$(TEST_HOST)";
				CODE_SIGN_STYLE = Automatic;
				DEVELOPMENT_TEAM = X92U86W3V8;
				INFOPLIST_FILE = SecondKadaiAppTests/Info.plist;
				IPHONEOS_DEPLOYMENT_TARGET = 13.0;
				LD_RUNPATH_SEARCH_PATHS = (
					"$(inherited)",
					"@executable_path/Frameworks",
					"@loader_path/Frameworks",
				);
				PRODUCT_BUNDLE_IDENTIFIER = "Foundation-System-Exercises.SecondKadaiAppTests";
				PRODUCT_NAME = "$(TARGET_NAME)";
				SWIFT_VERSION = 5.0;
				TARGETED_DEVICE_FAMILY = "1,2";
				TEST_HOST = "$(BUILT_PRODUCTS_DIR)/SecondKadaiApp.app/SecondKadaiApp";
			};
			name = Debug;
		};
		D114ED3023445148003A09CE /* Release */ = {
			isa = XCBuildConfiguration;
			buildSettings = {
				ALWAYS_EMBED_SWIFT_STANDARD_LIBRARIES = YES;
				BUNDLE_LOADER = "$(TEST_HOST)";
				CODE_SIGN_STYLE = Automatic;
				DEVELOPMENT_TEAM = X92U86W3V8;
				INFOPLIST_FILE = SecondKadaiAppTests/Info.plist;
				IPHONEOS_DEPLOYMENT_TARGET = 13.0;
				LD_RUNPATH_SEARCH_PATHS = (
					"$(inherited)",
					"@executable_path/Frameworks",
					"@loader_path/Frameworks",
				);
				PRODUCT_BUNDLE_IDENTIFIER = "Foundation-System-Exercises.SecondKadaiAppTests";
				PRODUCT_NAME = "$(TARGET_NAME)";
				SWIFT_VERSION = 5.0;
				TARGETED_DEVICE_FAMILY = "1,2";
				TEST_HOST = "$(BUILT_PRODUCTS_DIR)/SecondKadaiApp.app/SecondKadaiApp";
			};
			name = Release;
		};
		D114ED3223445148003A09CE /* Debug */ = {
			isa = XCBuildConfiguration;
			buildSettings = {
				ALWAYS_EMBED_SWIFT_STANDARD_LIBRARIES = YES;
				CODE_SIGN_STYLE = Automatic;
				DEVELOPMENT_TEAM = X92U86W3V8;
				INFOPLIST_FILE = SecondKadaiAppUITests/Info.plist;
				LD_RUNPATH_SEARCH_PATHS = (
					"$(inherited)",
					"@executable_path/Frameworks",
					"@loader_path/Frameworks",
				);
				PRODUCT_BUNDLE_IDENTIFIER = "Foundation-System-Exercises.SecondKadaiAppUITests";
				PRODUCT_NAME = "$(TARGET_NAME)";
				SWIFT_VERSION = 5.0;
				TARGETED_DEVICE_FAMILY = "1,2";
				TEST_TARGET_NAME = SecondKadaiApp;
			};
			name = Debug;
		};
		D114ED3323445148003A09CE /* Release */ = {
			isa = XCBuildConfiguration;
			buildSettings = {
				ALWAYS_EMBED_SWIFT_STANDARD_LIBRARIES = YES;
				CODE_SIGN_STYLE = Automatic;
				DEVELOPMENT_TEAM = X92U86W3V8;
				INFOPLIST_FILE = SecondKadaiAppUITests/Info.plist;
				LD_RUNPATH_SEARCH_PATHS = (
					"$(inherited)",
					"@executable_path/Frameworks",
					"@loader_path/Frameworks",
				);
				PRODUCT_BUNDLE_IDENTIFIER = "Foundation-System-Exercises.SecondKadaiAppUITests";
				PRODUCT_NAME = "$(TARGET_NAME)";
				SWIFT_VERSION = 5.0;
				TARGETED_DEVICE_FAMILY = "1,2";
				TEST_TARGET_NAME = SecondKadaiApp;
			};
			name = Release;
		};
/* End XCBuildConfiguration section */

/* Begin XCConfigurationList section */
		D114ECFC23445145003A09CE /* Build configuration list for PBXProject "SecondKadaiApp" */ = {
			isa = XCConfigurationList;
			buildConfigurations = (
				D114ED2923445148003A09CE /* Debug */,
				D114ED2A23445148003A09CE /* Release */,
			);
			defaultConfigurationIsVisible = 0;
			defaultConfigurationName = Release;
		};
		D114ED2B23445148003A09CE /* Build configuration list for PBXNativeTarget "SecondKadaiApp" */ = {
			isa = XCConfigurationList;
			buildConfigurations = (
				D114ED2C23445148003A09CE /* Debug */,
				D114ED2D23445148003A09CE /* Release */,
			);
			defaultConfigurationIsVisible = 0;
			defaultConfigurationName = Release;
		};
		D114ED2E23445148003A09CE /* Build configuration list for PBXNativeTarget "SecondKadaiAppTests" */ = {
			isa = XCConfigurationList;
			buildConfigurations = (
				D114ED2F23445148003A09CE /* Debug */,
				D114ED3023445148003A09CE /* Release */,
			);
			defaultConfigurationIsVisible = 0;
			defaultConfigurationName = Release;
		};
		D114ED3123445148003A09CE /* Build configuration list for PBXNativeTarget "SecondKadaiAppUITests" */ = {
			isa = XCConfigurationList;
			buildConfigurations = (
				D114ED3223445148003A09CE /* Debug */,
				D114ED3323445148003A09CE /* Release */,
			);
			defaultConfigurationIsVisible = 0;
			defaultConfigurationName = Release;
		};
/* End XCConfigurationList section */
	};
	rootObject = D114ECF923445145003A09CE /* Project object */;
}
